
Microsoft Visual Studio Solution File, Format Version 12.00
# Visual Studio Version 17
VisualStudioVersion = 17.3.32929.385
MinimumVisualStudioVersion = 10.0.40219.1
Project("{FAE04EC0-301F-11D3-BF4B-00C04F79EFBC}") = "Portofolio", "Portofolio.csproj", "{827E8B44-3180-49DA-B919-12EB6E0B7468}"
EndProject
Global
	GlobalSection(SolutionConfigurationPlatforms) = preSolution
		Debug|Any CPU = Debug|Any CPU
		Release|Any CPU = Release|Any CPU
	EndGlobalSection
	GlobalSection(ProjectConfigurationPlatforms) = postSolution
		{827E8B44-3180-49DA-B919-12EB6E0B7468}.Debug|Any CPU.ActiveCfg = Debug|Any CPU
		{827E8B44-3180-49DA-B919-12EB6E0B7468}.Debug|Any CPU.Build.0 = Debug|Any CPU
		{827E8B44-3180-49DA-B919-12EB6E0B7468}.Release|Any CPU.ActiveCfg = Release|Any CPU
		{827E8B44-3180-49DA-B919-12EB6E0B7468}.Release|Any CPU.Build.0 = Release|Any CPU
	EndGlobalSection
	GlobalSection(SolutionProperties) = preSolution
		HideSolutionNode = FALSE
	EndGlobalSection
	GlobalSection(ExtensibilityGlobals) = postSolution
		SolutionGuid = {D1F3B929-C572-4144-8743-C556B426DE79}
	EndGlobalSection
EndGlobal
